
Microsoft Visual Studio Solution File, Format Version 12.00
# Visual Studio Version 17
VisualStudioVersion = 17.5.002.0
MinimumVisualStudioVersion = 10.0.40219.1
Project("{9A19103F-16F7-4668-BE54-9A1E7A4F7556}") = "DesafioProjetoHospedagem", "DesafioProjetoHospedagem.csproj", "{5F810534-C6C6-41AE-9D33-3621C94E5B09}"
EndProject
Global
	GlobalSection(SolutionConfigurationPlatforms) = preSolution
		Debug|Any CPU = Debug|Any CPU
		Release|Any CPU = Release|Any CPU
	EndGlobalSection
	GlobalSection(ProjectConfigurationPlatforms) = postSolution
		{5F810534-C6C6-41AE-9D33-3621C94E5B09}.Debug|Any CPU.ActiveCfg = Debug|Any CPU
		{5F810534-C6C6-41AE-9D33-3621C94E5B09}.Debug|Any CPU.Build.0 = Debug|Any CPU
		{5F810534-C6C6-41AE-9D33-3621C94E5B09}.Release|Any CPU.ActiveCfg = Release|Any CPU
		{5F810534-C6C6-41AE-9D33-3621C94E5B09}.Release|Any CPU.Build.0 = Release|Any CPU
	EndGlobalSection
	GlobalSection(SolutionProperties) = preSolution
		HideSolutionNode = FALSE
	EndGlobalSection
	GlobalSection(ExtensibilityGlobals) = postSolution
		SolutionGuid = {3E79C0E8-5BE4-4DE1-A1F9-83168CDD8D2D}
	EndGlobalSection
EndGlobal
